
Microsoft Visual Studio Solution File, Format Version 12.00
# Visual Studio Version 17
VisualStudioVersion = 17.1.32210.238
MinimumVisualStudioVersion = 10.0.40219.1
Project("{FAE04EC0-301F-11D3-BF4B-00C04F79EFBC}") = "Calculadora", "Calculadora\Calculadora.csproj", "{D76D284A-366B-4E98-9368-C176AC8E44D0}"
EndProject
Global
	GlobalSection(SolutionConfigurationPlatforms) = preSolution
		Debug|Any CPU = Debug|Any CPU
		Release|Any CPU = Release|Any CPU
	EndGlobalSection
	GlobalSection(ProjectConfigurationPlatforms) = postSolution
		{D76D284A-366B-4E98-9368-C176AC8E44D0}.Debug|Any CPU.ActiveCfg = Debug|Any CPU
		{D76D284A-366B-4E98-9368-C176AC8E44D0}.Debug|Any CPU.Build.0 = Debug|Any CPU
		{D76D284A-366B-4E98-9368-C176AC8E44D0}.Release|Any CPU.ActiveCfg = Release|Any CPU
		{D76D284A-366B-4E98-9368-C176AC8E44D0}.Release|Any CPU.Build.0 = Release|Any CPU
	EndGlobalSection
	GlobalSection(SolutionProperties) = preSolution
		HideSolutionNode = FALSE
	EndGlobalSection
	GlobalSection(ExtensibilityGlobals) = postSolution
		SolutionGuid = {47AE50F0-6F63-4128-B7BB-1F4621BF7DA6}
	EndGlobalSection
EndGlobal
